// !$*UTF8*$!
{
	archiveVersion = 1;
	classes = {
	};
	objectVersion = 51;
	objects = {

/* Begin PBXBuildFile section */
		A508869525815666005FC519 /* UserDataService.swift in Sources */ = {isa = PBXBuildFile; fileRef = A508869425815666005FC519 /* UserDataService.swift */; };
		A557EBA725748931000B091D /* AppDelegate.swift in Sources */ = {isa = PBXBuildFile; fileRef = A557EBA625748931000B091D /* AppDelegate.swift */; };
		A557EBA925748931000B091D /* SceneDelegate.swift in Sources */ = {isa = PBXBuildFile; fileRef = A557EBA825748931000B091D /* SceneDelegate.swift */; };
		A557EBAE25748931000B091D /* Main.storyboard in Resources */ = {isa = PBXBuildFile; fileRef = A557EBAC25748931000B091D /* Main.storyboard */; };
		A557EBB025748931000B091D /* Assets.xcassets in Resources */ = {isa = PBXBuildFile; fileRef = A557EBAF25748931000B091D /* Assets.xcassets */; };
		A557EBB325748932000B091D /* LaunchScreen.storyboard in Resources */ = {isa = PBXBuildFile; fileRef = A557EBB125748931000B091D /* LaunchScreen.storyboard */; };
		A557EBD025748F47000B091D /* SWRevealViewController.m in Sources */ = {isa = PBXBuildFile; fileRef = A557EBCF25748F47000B091D /* SWRevealViewController.m */; };
		A557EBD725749B67000B091D /* ChannelViewController.swift in Sources */ = {isa = PBXBuildFile; fileRef = A557EBD625749B67000B091D /* ChannelViewController.swift */; };
		A557EBDB25749B76000B091D /* ChatViewController.swift in Sources */ = {isa = PBXBuildFile; fileRef = A557EBDA25749B76000B091D /* ChatViewController.swift */; };
		A557EBE92574A542000B091D /* GradientView.swift in Sources */ = {isa = PBXBuildFile; fileRef = A557EBE82574A542000B091D /* GradientView.swift */; };
		A5CBA4572575B7A500CA3618 /* Constants.swift in Sources */ = {isa = PBXBuildFile; fileRef = A5CBA4562575B7A500CA3618 /* Constants.swift */; };
		A5CBA4602575C28300CA3618 /* LoginViewController.swift in Sources */ = {isa = PBXBuildFile; fileRef = A5CBA45F2575C28300CA3618 /* LoginViewController.swift */; };
		A5CBA4642575E1F000CA3618 /* SingUpViewController.swift in Sources */ = {isa = PBXBuildFile; fileRef = A5CBA4632575E1F000CA3618 /* SingUpViewController.swift */; };
		A5CBA4682575EC8100CA3618 /* AuthService.swift in Sources */ = {isa = PBXBuildFile; fileRef = A5CBA4672575EC8100CA3618 /* AuthService.swift */; };
		CC12A7BCE5FDCBA8927A4044 /* Pods_smack.framework in Frameworks */ = {isa = PBXBuildFile; fileRef = 2AB1437C870F05E7CC8D7F8D /* Pods_smack.framework */; };
/* End PBXBuildFile section */

/* Begin PBXFileReference section */
		2AB1437C870F05E7CC8D7F8D /* Pods_smack.framework */ = {isa = PBXFileReference; explicitFileType = wrapper.framework; includeInIndex = 0; path = Pods_smack.framework; sourceTree = BUILT_PRODUCTS_DIR; };
		A3760F7AFE105E8475EEA771 /* Pods-smack.debug.xcconfig */ = {isa = PBXFileReference; includeInIndex = 1; lastKnownFileType = text.xcconfig; name = "Pods-smack.debug.xcconfig"; path = "Target Support Files/Pods-smack/Pods-smack.debug.xcconfig"; sourceTree = "<group>"; };
		A508869425815666005FC519 /* UserDataService.swift */ = {isa = PBXFileReference; lastKnownFileType = sourcecode.swift; path = UserDataService.swift; sourceTree = "<group>"; };
		A557EBA325748931000B091D /* smack.app */ = {isa = PBXFileReference; explicitFileType = wrapper.application; includeInIndex = 0; path = smack.app; sourceTree = BUILT_PRODUCTS_DIR; };
		A557EBA625748931000B091D /* AppDelegate.swift */ = {isa = PBXFileReference; lastKnownFileType = sourcecode.swift; path = AppDelegate.swift; sourceTree = "<group>"; };
		A557EBA825748931000B091D /* SceneDelegate.swift */ = {isa = PBXFileReference; lastKnownFileType = sourcecode.swift; path = SceneDelegate.swift; sourceTree = "<group>"; };
		A557EBAD25748931000B091D /* Base */ = {isa = PBXFileReference; lastKnownFileType = file.storyboard; name = Base; path = Base.lproj/Main.storyboard; sourceTree = "<group>"; };
		A557EBAF25748931000B091D /* Assets.xcassets */ = {isa = PBXFileReference; lastKnownFileType = folder.assetcatalog; path = Assets.xcassets; sourceTree = "<group>"; };
		A557EBB225748931000B091D /* Base */ = {isa = PBXFileReference; lastKnownFileType = file.storyboard; name = Base; path = Base.lproj/LaunchScreen.storyboard; sourceTree = "<group>"; };
		A557EBB425748932000B091D /* Info.plist */ = {isa = PBXFileReference; lastKnownFileType = text.plist.xml; path = Info.plist; sourceTree = "<group>"; };
		A557EBCD25748F46000B091D /* smack-Bridging-Header.h */ = {isa = PBXFileReference; lastKnownFileType = sourcecode.c.h; path = "smack-Bridging-Header.h"; sourceTree = "<group>"; };
		A557EBCE25748F46000B091D /* SWRevealViewController.h */ = {isa = PBXFileReference; fileEncoding = 4; lastKnownFileType = sourcecode.c.h; path = SWRevealViewController.h; sourceTree = "<group>"; };
		A557EBCF25748F47000B091D /* SWRevealViewController.m */ = {isa = PBXFileReference; fileEncoding = 4; lastKnownFileType = sourcecode.c.objc; path = SWRevealViewController.m; sourceTree = "<group>"; };
		A557EBD625749B67000B091D /* ChannelViewController.swift */ = {isa = PBXFileReference; lastKnownFileType = sourcecode.swift; path = ChannelViewController.swift; sourceTree = "<group>"; };
		A557EBDA25749B76000B091D /* ChatViewController.swift */ = {isa = PBXFileReference; lastKnownFileType = sourcecode.swift; path = ChatViewController.swift; sourceTree = "<group>"; };
		A557EBE82574A542000B091D /* GradientView.swift */ = {isa = PBXFileReference; lastKnownFileType = sourcecode.swift; path = GradientView.swift; sourceTree = "<group>"; };
		A5CBA4562575B7A500CA3618 /* Constants.swift */ = {isa = PBXFileReference; lastKnownFileType = sourcecode.swift; path = Constants.swift; sourceTree = "<group>"; };
		A5CBA45F2575C28300CA3618 /* LoginViewController.swift */ = {isa = PBXFileReference; lastKnownFileType = sourcecode.swift; path = LoginViewController.swift; sourceTree = "<group>"; };
		A5CBA4632575E1F000CA3618 /* SingUpViewController.swift */ = {isa = PBXFileReference; lastKnownFileType = sourcecode.swift; path = SingUpViewController.swift; sourceTree = "<group>"; };
		A5CBA4672575EC8100CA3618 /* AuthService.swift */ = {isa = PBXFileReference; lastKnownFileType = sourcecode.swift; path = AuthService.swift; sourceTree = "<group>"; };
		D33349F188E5BE7A31B893FF /* Pods-smack.release.xcconfig */ = {isa = PBXFileReference; includeInIndex = 1; lastKnownFileType = text.xcconfig; name = "Pods-smack.release.xcconfig"; path = "Target Support Files/Pods-smack/Pods-smack.release.xcconfig"; sourceTree = "<group>"; };
/* End PBXFileReference section */

/* Begin PBXFrameworksBuildPhase section */
		A557EBA025748931000B091D /* Frameworks */ = {
			isa = PBXFrameworksBuildPhase;
			buildActionMask = 2147483647;
			files = (
				CC12A7BCE5FDCBA8927A4044 /* Pods_smack.framework in Frameworks */,
			);
			runOnlyForDeploymentPostprocessing = 0;
		};
/* End PBXFrameworksBuildPhase section */

/* Begin PBXGroup section */
		05779A7BD2C0A7F24E13C2CA /* Frameworks */ = {
			isa = PBXGroup;
			children = (
				2AB1437C870F05E7CC8D7F8D /* Pods_smack.framework */,
			);
			name = Frameworks;
			sourceTree = "<group>";
		};
		A557EB9A25748931000B091D = {
			isa = PBXGroup;
			children = (
				A557EBA525748931000B091D /* smack */,
				A557EBA425748931000B091D /* Products */,
				B5A1B41FE8EFF9BF7B914D83 /* Pods */,
				05779A7BD2C0A7F24E13C2CA /* Frameworks */,
			);
			sourceTree = "<group>";
		};
		A557EBA425748931000B091D /* Products */ = {
			isa = PBXGroup;
			children = (
				A557EBA325748931000B091D /* smack.app */,
			);
			name = Products;
			sourceTree = "<group>";
		};
		A557EBA525748931000B091D /* smack */ = {
			isa = PBXGroup;
			children = (
				A5CBA4662575EC6A00CA3618 /* Service */,
				A5CBA4552575B78100CA3618 /* Utilities */,
				A557EBCC25748F29000B091D /* Supporting Files */,
				A557EBD525749B24000B091D /* View */,
				A557EBD425749B1F000B091D /* Model */,
				A557EBD325749B16000B091D /* Controller */,
				A557EBA625748931000B091D /* AppDelegate.swift */,
				A557EBA825748931000B091D /* SceneDelegate.swift */,
				A557EBAC25748931000B091D /* Main.storyboard */,
				A557EBAF25748931000B091D /* Assets.xcassets */,
				A557EBB125748931000B091D /* LaunchScreen.storyboard */,
				A557EBB425748932000B091D /* Info.plist */,
			);
			path = smack;
			sourceTree = "<group>";
		};
		A557EBCC25748F29000B091D /* Supporting Files */ = {
			isa = PBXGroup;
			children = (
				A557EBCE25748F46000B091D /* SWRevealViewController.h */,
				A557EBCF25748F47000B091D /* SWRevealViewController.m */,
				A557EBCD25748F46000B091D /* smack-Bridging-Header.h */,
			);
			path = "Supporting Files";
			sourceTree = "<group>";
		};
		A557EBD325749B16000B091D /* Controller */ = {
			isa = PBXGroup;
			children = (
				A557EBD625749B67000B091D /* ChannelViewController.swift */,
				A557EBDA25749B76000B091D /* ChatViewController.swift */,
				A5CBA45F2575C28300CA3618 /* LoginViewController.swift */,
				A5CBA4632575E1F000CA3618 /* SingUpViewController.swift */,
			);
			path = Controller;
			sourceTree = "<group>";
		};
		A557EBD425749B1F000B091D /* Model */ = {
			isa = PBXGroup;
			children = (
			);
			path = Model;
			sourceTree = "<group>";
		};
		A557EBD525749B24000B091D /* View */ = {
			isa = PBXGroup;
			children = (
				A557EBE82574A542000B091D /* GradientView.swift */,
			);
			path = View;
			sourceTree = "<group>";
		};
		A5CBA4552575B78100CA3618 /* Utilities */ = {
			isa = PBXGroup;
			children = (
				A5CBA4562575B7A500CA3618 /* Constants.swift */,
			);
			path = Utilities;
			sourceTree = "<group>";
		};
		A5CBA4662575EC6A00CA3618 /* Service */ = {
			isa = PBXGroup;
			children = (
				A5CBA4672575EC8100CA3618 /* AuthService.swift */,
				A508869425815666005FC519 /* UserDataService.swift */,
			);
			path = Service;
			sourceTree = "<group>";
		};
		B5A1B41FE8EFF9BF7B914D83 /* Pods */ = {
			isa = PBXGroup;
			children = (
				A3760F7AFE105E8475EEA771 /* Pods-smack.debug.xcconfig */,
				D33349F188E5BE7A31B893FF /* Pods-smack.release.xcconfig */,
			);
			path = Pods;
			sourceTree = "<group>";
		};
/* End PBXGroup section */

/* Begin PBXNativeTarget section */
		A557EBA225748931000B091D /* smack */ = {
			isa = PBXNativeTarget;
			buildConfigurationList = A557EBB725748932000B091D /* Build configuration list for PBXNativeTarget "smack" */;
			buildPhases = (
				3F2DB67793B05F2DE06A9760 /* [CP] Check Pods Manifest.lock */,
				A557EB9F25748931000B091D /* Sources */,
				A557EBA025748931000B091D /* Frameworks */,
				A557EBA125748931000B091D /* Resources */,
				8EDC29B089CF372E666DE82B /* [CP] Embed Pods Frameworks */,
			);
			buildRules = (
			);
			dependencies = (
			);
			name = smack;
			productName = smack;
			productReference = A557EBA325748931000B091D /* smack.app */;
			productType = "com.apple.product-type.application";
		};
/* End PBXNativeTarget section */

/* Begin PBXProject section */
		A557EB9B25748931000B091D /* Project object */ = {
			isa = PBXProject;
			attributes = {
				LastSwiftUpdateCheck = 1220;
				LastUpgradeCheck = 1220;
				TargetAttributes = {
					A557EBA225748931000B091D = {
						CreatedOnToolsVersion = 12.2;
						LastSwiftMigration = 1220;
					};
				};
			};
			buildConfigurationList = A557EB9E25748931000B091D /* Build configuration list for PBXProject "smack" */;
			compatibilityVersion = "Xcode 9.3";
			developmentRegion = en;
			hasScannedForEncodings = 0;
			knownRegions = (
				en,
				Base,
			);
			mainGroup = A557EB9A25748931000B091D;
			productRefGroup = A557EBA425748931000B091D /* Products */;
			projectDirPath = "";
			projectRoot = "";
			targets = (
				A557EBA225748931000B091D /* smack */,
			);
		};
/* End PBXProject section */

/* Begin PBXResourcesBuildPhase section */
		A557EBA125748931000B091D /* Resources */ = {
			isa = PBXResourcesBuildPhase;
			buildActionMask = 2147483647;
			files = (
				A557EBB325748932000B091D /* LaunchScreen.storyboard in Resources */,
				A557EBB025748931000B091D /* Assets.xcassets in Resources */,
				A557EBAE25748931000B091D /* Main.storyboard in Resources */,
			);
			runOnlyForDeploymentPostprocessing = 0;
		};
/* End PBXResourcesBuildPhase section */

/* Begin PBXShellScriptBuildPhase section */
		3F2DB67793B05F2DE06A9760 /* [CP] Check Pods Manifest.lock */ = {
			isa = PBXShellScriptBuildPhase;
			buildActionMask = 2147483647;
			files = (
			);
			inputFileListPaths = (
			);
			inputPaths = (
				"${PODS_PODFILE_DIR_PATH}/Podfile.lock",
				"${PODS_ROOT}/Manifest.lock",
			);
			name = "[CP] Check Pods Manifest.lock";
			outputFileListPaths = (
			);
			outputPaths = (
				"$(DERIVED_FILE_DIR)/Pods-smack-checkManifestLockResult.txt",
			);
			runOnlyForDeploymentPostprocessing = 0;
			shellPath = /bin/sh;
			shellScript = "diff \"${PODS_PODFILE_DIR_PATH}/Podfile.lock\" \"${PODS_ROOT}/Manifest.lock\" > /dev/null\nif [ $? != 0 ] ; then\n    # print error to STDERR\n    echo \"error: The sandbox is not in sync with the Podfile.lock. Run 'pod install' or update your CocoaPods installation.\" >&2\n    exit 1\nfi\n# This output is used by Xcode 'outputs' to avoid re-running this script phase.\necho \"SUCCESS\" > \"${SCRIPT_OUTPUT_FILE_0}\"\n";
			showEnvVarsInLog = 0;
		};
		8EDC29B089CF372E666DE82B /* [CP] Embed Pods Frameworks */ = {
			isa = PBXShellScriptBuildPhase;
			buildActionMask = 2147483647;
			files = (
			);
			inputFileListPaths = (
				"${PODS_ROOT}/Target Support Files/Pods-smack/Pods-smack-frameworks-${CONFIGURATION}-input-files.xcfilelist",
			);
			name = "[CP] Embed Pods Frameworks";
			outputFileListPaths = (
				"${PODS_ROOT}/Target Support Files/Pods-smack/Pods-smack-frameworks-${CONFIGURATION}-output-files.xcfilelist",
			);
			runOnlyForDeploymentPostprocessing = 0;
			shellPath = /bin/sh;
			shellScript = "\"${PODS_ROOT}/Target Support Files/Pods-smack/Pods-smack-frameworks.sh\"\n";
			showEnvVarsInLog = 0;
		};
/* End PBXShellScriptBuildPhase section */

/* Begin PBXSourcesBuildPhase section */
		A557EB9F25748931000B091D /* Sources */ = {
			isa = PBXSourcesBuildPhase;
			buildActionMask = 2147483647;
			files = (
				A557EBA725748931000B091D /* AppDelegate.swift in Sources */,
				A5CBA4642575E1F000CA3618 /* SingUpViewController.swift in Sources */,
				A557EBA925748931000B091D /* SceneDelegate.swift in Sources */,
				A508869525815666005FC519 /* UserDataService.swift in Sources */,
				A557EBE92574A542000B091D /* GradientView.swift in Sources */,
				A5CBA4572575B7A500CA3618 /* Constants.swift in Sources */,
				A5CBA4602575C28300CA3618 /* LoginViewController.swift in Sources */,
				A557EBD025748F47000B091D /* SWRevealViewController.m in Sources */,
				A5CBA4682575EC8100CA3618 /* AuthService.swift in Sources */,
				A557EBDB25749B76000B091D /* ChatViewController.swift in Sources */,
				A557EBD725749B67000B091D /* ChannelViewController.swift in Sources */,
			);
			runOnlyForDeploymentPostprocessing = 0;
		};
/* End PBXSourcesBuildPhase section */

/* Begin PBXVariantGroup section */
		A557EBAC25748931000B091D /* Main.storyboard */ = {
			isa = PBXVariantGroup;
			children = (
				A557EBAD25748931000B091D /* Base */,
			);
			name = Main.storyboard;
			sourceTree = "<group>";
		};
		A557EBB125748931000B091D /* LaunchScreen.storyboard */ = {
			isa = PBXVariantGroup;
			children = (
				A557EBB225748931000B091D /* Base */,
			);
			name = LaunchScreen.storyboard;
			sourceTree = "<group>";
		};
/* End PBXVariantGroup section */

/* Begin XCBuildConfiguration section */
		A557EBB525748932000B091D /* Debug */ = {
			isa = XCBuildConfiguration;
			buildSettings = {
				ALWAYS_SEARCH_USER_PATHS = NO;
				CLANG_ANALYZER_NONNULL = YES;
				CLANG_ANALYZER_NUMBER_OBJECT_CONVERSION = YES_AGGRESSIVE;
				CLANG_CXX_LANGUAGE_STANDARD = "gnu++14";
				CLANG_CXX_LIBRARY = "libc++";
				CLANG_ENABLE_MODULES = YES;
				CLANG_ENABLE_OBJC_ARC = YES;
				CLANG_ENABLE_OBJC_WEAK = YES;
				CLANG_WARN_BLOCK_CAPTURE_AUTORELEASING = YES;
				CLANG_WARN_BOOL_CONVERSION = YES;
				CLANG_WARN_COMMA = YES;
				CLANG_WARN_CONSTANT_CONVERSION = YES;
				CLANG_WARN_DEPRECATED_OBJC_IMPLEMENTATIONS = YES;
				CLANG_WARN_DIRECT_OBJC_ISA_USAGE = YES_ERROR;
				CLANG_WARN_DOCUMENTATION_COMMENTS = YES;
				CLANG_WARN_EMPTY_BODY = YES;
				CLANG_WARN_ENUM_CONVERSION = YES;
				CLANG_WARN_INFINITE_RECURSION = YES;
				CLANG_WARN_INT_CONVERSION = YES;
				CLANG_WARN_NON_LITERAL_NULL_CONVERSION = YES;
				CLANG_WARN_OBJC_IMPLICIT_RETAIN_SELF = YES;
				CLANG_WARN_OBJC_LITERAL_CONVERSION = YES;
				CLANG_WARN_OBJC_ROOT_CLASS = YES_ERROR;
				CLANG_WARN_QUOTED_INCLUDE_IN_FRAMEWORK_HEADER = YES;
				CLANG_WARN_RANGE_LOOP_ANALYSIS = YES;
				CLANG_WARN_STRICT_PROTOTYPES = YES;
				CLANG_WARN_SUSPICIOUS_MOVE = YES;
				CLANG_WARN_UNGUARDED_AVAILABILITY = YES_AGGRESSIVE;
				CLANG_WARN_UNREACHABLE_CODE = YES;
				CLANG_WARN__DUPLICATE_METHOD_MATCH = YES;
				COPY_PHASE_STRIP = NO;
				DEBUG_INFORMATION_FORMAT = dwarf;
				ENABLE_STRICT_OBJC_MSGSEND = YES;
				ENABLE_TESTABILITY = YES;
				GCC_C_LANGUAGE_STANDARD = gnu11;
				GCC_DYNAMIC_NO_PIC = NO;
				GCC_NO_COMMON_BLOCKS = YES;
				GCC_OPTIMIZATION_LEVEL = 0;
				GCC_PREPROCESSOR_DEFINITIONS = (
					"DEBUG=1",
					"$(inherited)",
				);
				GCC_WARN_64_TO_32_BIT_CONVERSION = YES;
				GCC_WARN_ABOUT_RETURN_TYPE = YES_ERROR;
				GCC_WARN_UNDECLARED_SELECTOR = YES;
				GCC_WARN_UNINITIALIZED_AUTOS = YES_AGGRESSIVE;
				GCC_WARN_UNUSED_FUNCTION = YES;
				GCC_WARN_UNUSED_VARIABLE = YES;
				IPHONEOS_DEPLOYMENT_TARGET = 14.2;
				MTL_ENABLE_DEBUG_INFO = INCLUDE_SOURCE;
				MTL_FAST_MATH = YES;
				ONLY_ACTIVE_ARCH = YES;
				SDKROOT = iphoneos;
				SWIFT_ACTIVE_COMPILATION_CONDITIONS = DEBUG;
				SWIFT_OPTIMIZATION_LEVEL = "-Onone";
			};
			name = Debug;
		};
		A557EBB625748932000B091D /* Release */ = {
			isa = XCBuildConfiguration;
			buildSettings = {
				ALWAYS_SEARCH_USER_PATHS = NO;
				CLANG_ANALYZER_NONNULL = YES;
				CLANG_ANALYZER_NUMBER_OBJECT_CONVERSION = YES_AGGRESSIVE;
				CLANG_CXX_LANGUAGE_STANDARD = "gnu++14";
				CLANG_CXX_LIBRARY = "libc++";
				CLANG_ENABLE_MODULES = YES;
				CLANG_ENABLE_OBJC_ARC = YES;
				CLANG_ENABLE_OBJC_WEAK = YES;
				CLANG_WARN_BLOCK_CAPTURE_AUTORELEASING = YES;
				CLANG_WARN_BOOL_CONVERSION = YES;
				CLANG_WARN_COMMA = YES;
				CLANG_WARN_CONSTANT_CONVERSION = YES;
				CLANG_WARN_DEPRECATED_OBJC_IMPLEMENTATIONS = YES;
				CLANG_WARN_DIRECT_OBJC_ISA_USAGE = YES_ERROR;
				CLANG_WARN_DOCUMENTATION_COMMENTS = YES;
				CLANG_WARN_EMPTY_BODY = YES;
				CLANG_WARN_ENUM_CONVERSION = YES;
				CLANG_WARN_INFINITE_RECURSION = YES;
				CLANG_WARN_INT_CONVERSION = YES;
				CLANG_WARN_NON_LITERAL_NULL_CONVERSION = YES;
				CLANG_WARN_OBJC_IMPLICIT_RETAIN_SELF = YES;
				CLANG_WARN_OBJC_LITERAL_CONVERSION = YES;
				CLANG_WARN_OBJC_ROOT_CLASS = YES_ERROR;
				CLANG_WARN_QUOTED_INCLUDE_IN_FRAMEWORK_HEADER = YES;
				CLANG_WARN_RANGE_LOOP_ANALYSIS = YES;
				CLANG_WARN_STRICT_PROTOTYPES = YES;
				CLANG_WARN_SUSPICIOUS_MOVE = YES;
				CLANG_WARN_UNGUARDED_AVAILABILITY = YES_AGGRESSIVE;
				CLANG_WARN_UNREACHABLE_CODE = YES;
				CLANG_WARN__DUPLICATE_METHOD_MATCH = YES;
				COPY_PHASE_STRIP = NO;
				DEBUG_INFORMATION_FORMAT = "dwarf-with-dsym";
				ENABLE_NS_ASSERTIONS = NO;
				ENABLE_STRICT_OBJC_MSGSEND = YES;
				GCC_C_LANGUAGE_STANDARD = gnu11;
				GCC_NO_COMMON_BLOCKS = YES;
				GCC_WARN_64_TO_32_BIT_CONVERSION = YES;
				GCC_WARN_ABOUT_RETURN_TYPE = YES_ERROR;
				GCC_WARN_UNDECLARED_SELECTOR = YES;
				GCC_WARN_UNINITIALIZED_AUTOS = YES_AGGRESSIVE;
				GCC_WARN_UNUSED_FUNCTION = YES;
				GCC_WARN_UNUSED_VARIABLE = YES;
				IPHONEOS_DEPLOYMENT_TARGET = 14.2;
				MTL_ENABLE_DEBUG_INFO = NO;
				MTL_FAST_MATH = YES;
				SDKROOT = iphoneos;
				SWIFT_COMPILATION_MODE = wholemodule;
				SWIFT_OPTIMIZATION_LEVEL = "-O";
				VALIDATE_PRODUCT = YES;
			};
			name = Release;
		};
		A557EBB825748932000B091D /* Debug */ = {
			isa = XCBuildConfiguration;
			baseConfigurationReference = A3760F7AFE105E8475EEA771 /* Pods-smack.debug.xcconfig */;
			buildSettings = {
				ASSETCATALOG_COMPILER_APPICON_NAME = AppIcon;
				ASSETCATALOG_COMPILER_GLOBAL_ACCENT_COLOR_NAME = AccentColor;
				CLANG_ENABLE_MODULES = YES;
				CODE_SIGN_STYLE = Automatic;
				DEVELOPMENT_TEAM = S873WHF2TZ;
				INFOPLIST_FILE = smack/Info.plist;
				LD_RUNPATH_SEARCH_PATHS = (
					"$(inherited)",
					"@executable_path/Frameworks",
				);
				PRODUCT_BUNDLE_IDENTIFIER = com.pedro.smack;
				PRODUCT_NAME = "$(TARGET_NAME)";
				SWIFT_OBJC_BRIDGING_HEADER = "smack/Supporting Files/smack-Bridging-Header.h";
				SWIFT_OPTIMIZATION_LEVEL = "-Onone";
				SWIFT_VERSION = 5.0;
				TARGETED_DEVICE_FAMILY = "1,2";
			};
			name = Debug;
		};
		A557EBB925748932000B091D /* Release */ = {
			isa = XCBuildConfiguration;
			baseConfigurationReference = D33349F188E5BE7A31B893FF /* Pods-smack.release.xcconfig */;
			buildSettings = {
				ASSETCATALOG_COMPILER_APPICON_NAME = AppIcon;
				ASSETCATALOG_COMPILER_GLOBAL_ACCENT_COLOR_NAME = AccentColor;
				CLANG_ENABLE_MODULES = YES;
				CODE_SIGN_STYLE = Automatic;
				DEVELOPMENT_TEAM = S873WHF2TZ;
				INFOPLIST_FILE = smack/Info.plist;
				LD_RUNPATH_SEARCH_PATHS = (
					"$(inherited)",
					"@executable_path/Frameworks",
				);
				PRODUCT_BUNDLE_IDENTIFIER = com.pedro.smack;
				PRODUCT_NAME = "$(TARGET_NAME)";
				SWIFT_OBJC_BRIDGING_HEADER = "smack/Supporting Files/smack-Bridging-Header.h";
				SWIFT_VERSION = 5.0;
				TARGETED_DEVICE_FAMILY = "1,2";
			};
			name = Release;
		};
/* End XCBuildConfiguration section */

/* Begin XCConfigurationList section */
		A557EB9E25748931000B091D /* Build configuration list for PBXProject "smack" */ = {
			isa = XCConfigurationList;
			buildConfigurations = (
				A557EBB525748932000B091D /* Debug */,
				A557EBB625748932000B091D /* Release */,
			);
			defaultConfigurationIsVisible = 0;
			defaultConfigurationName = Release;
		};
		A557EBB725748932000B091D /* Build configuration list for PBXNativeTarget "smack" */ = {
			isa = XCConfigurationList;
			buildConfigurations = (
				A557EBB825748932000B091D /* Debug */,
				A557EBB925748932000B091D /* Release */,
			);
			defaultConfigurationIsVisible = 0;
			defaultConfigurationName = Release;
		};
/* End XCConfigurationList section */
	};
	rootObject = A557EB9B25748931000B091D /* Project object */;
}
